
Microsoft Visual Studio Solution File, Format Version 12.00
# Visual Studio Version 17
VisualStudioVersion = 17.7.34024.191
MinimumVisualStudioVersion = 10.0.40219.1
Project("{2150E333-8FDC-42A3-9474-1A3956D46DE8}") = "Task0", "Task0", "{D48A0B49-8D6C-485E-BA6F-288DC0C4D4BD}"
EndProject
Project("{FAE04EC0-301F-11D3-BF4B-00C04F79EFBC}") = "Tyuiu.PetrovNE.Sprint1.Task0.V11", "Tyuiu.PetrovNE.Sprint1.Task0.V11\Tyuiu.PetrovNE.Sprint1.Task0.V11.csproj", "{2E9452D0-4548-4B90-8B91-127E8606347D}"
EndProject
Project("{FAE04EC0-301F-11D3-BF4B-00C04F79EFBC}") = "Tyuiu.PetrovNE.Sprint1.Task0.V11.Lib", "Tyuiu.PetrovNE.Sprint1.Task0.V11.Lib\Tyuiu.PetrovNE.Sprint1.Task0.V11.Lib.csproj", "{3FF72C48-1B1A-4051-B127-330C0B047F1D}"
EndProject
Project("{FAE04EC0-301F-11D3-BF4B-00C04F79EFBC}") = "Tyuiu.PetrovNE.Sprint1.Task0.V11.Test", "Tyuiu.PetrovNE.Sprint1.Task0.V11.Test\Tyuiu.PetrovNE.Sprint1.Task0.V11.Test.csproj", "{9BA3289A-994E-469E-9E87-93F20271F96A}"
EndProject
Project("{2150E333-8FDC-42A3-9474-1A3956D46DE8}") = "Task1", "Task1", "{9F76D8F9-4456-4EFD-9C68-636075C9E230}"
EndProject
Project("{FAE04EC0-301F-11D3-BF4B-00C04F79EFBC}") = "Tyuiu.PetrovNE.Sprint1.Task1.V7", "Tyuiu.PetrovNE.Sprint1.Task1.V7\Tyuiu.PetrovNE.Sprint1.Task1.V7.csproj", "{8D39E9A9-9141-49BF-AC76-C3026BD22A46}"
EndProject
Project("{FAE04EC0-301F-11D3-BF4B-00C04F79EFBC}") = "Tyuiu.PetrovNE.Sprint1.Task1.V7.Lib", "Tyuiu.PetrovNE.Sprint1.Task1.V7.Lib\Tyuiu.PetrovNE.Sprint1.Task1.V7.Lib.csproj", "{29DE242B-3D9D-447F-8EC7-15CF2DEEF24D}"
EndProject
Project("{FAE04EC0-301F-11D3-BF4B-00C04F79EFBC}") = "Tyuiu.PetrovNE.Sprint1.Task1.V7.Test", "Tyuiu.PetrovNE.Sprint1.Task1.V7.Test\Tyuiu.PetrovNE.Sprint1.Task1.V7.Test.csproj", "{2E1B2ED5-8D11-4202-BF67-6566D17AB066}"
EndProject
Project("{2150E333-8FDC-42A3-9474-1A3956D46DE8}") = "Task2", "Task2", "{AD6223D6-0368-4AB0-8A61-D36CF8E2686F}"
EndProject
Project("{FAE04EC0-301F-11D3-BF4B-00C04F79EFBC}") = "Tyuiu.PetrovNE.Sprint1.Task2.V18", "Tyuiu.PetrovNE.Sprint1.Task2V18\Tyuiu.PetrovNE.Sprint1.Task2.V18.csproj", "{060A7F12-0C3E-4EB1-A953-082CCF228B7C}"
EndProject
Project("{FAE04EC0-301F-11D3-BF4B-00C04F79EFBC}") = "Tyuiu.PetrovNE.Sprint1.Task2.V18.Lib", "Tyuiu.PetrovNE.Sprint1.Task2V18.Lib\Tyuiu.PetrovNE.Sprint1.Task2.V18.Lib.csproj", "{7AA685F6-BCDF-4485-B706-6C6F90A22E54}"
EndProject
Project("{FAE04EC0-301F-11D3-BF4B-00C04F79EFBC}") = "Tyuiu.PetrovNE.Sprint1.Task2.V18.Test", "Tyuiu.PetrovNE.Sprint1.Task2V18.Test\Tyuiu.PetrovNE.Sprint1.Task2.V18.Test.csproj", "{DFBF4397-FBDF-4DD7-8F9C-8323C56F8866}"
EndProject
Project("{2150E333-8FDC-42A3-9474-1A3956D46DE8}") = "Task3", "Task3", "{451B47B5-DE2A-41F5-9541-405C5D4558CA}"
EndProject
Project("{FAE04EC0-301F-11D3-BF4B-00C04F79EFBC}") = "Tyuiu.PetrovNE.Sprint1.Task3.V15", "Tyuiu.PetrovNE.Sprint1.Task3.V15\Tyuiu.PetrovNE.Sprint1.Task3.V15.csproj", "{30969282-AB26-4740-BF21-0ABA61F8034D}"
EndProject
Project("{FAE04EC0-301F-11D3-BF4B-00C04F79EFBC}") = "Tyuiu.PetrovNE.Sprint1.Task3.V15.Lib", "Tyuiu.PetrovNE.Sprint1.Task3.V15.Lib\Tyuiu.PetrovNE.Sprint1.Task3.V15.Lib.csproj", "{18BF2F98-484C-4A3B-92D5-B429FA60BBDB}"
EndProject
Project("{FAE04EC0-301F-11D3-BF4B-00C04F79EFBC}") = "Tyuiu.PetrovNE.Sprint1.Task3.V15.Test", "Tyuiu.PetrovNE.Sprint1.Task3.V15.Test\Tyuiu.PetrovNE.Sprint1.Task3.V15.Test.csproj", "{74A992F2-6A0F-42E6-8F6B-DC9683C57790}"
EndProject
Project("{2150E333-8FDC-42A3-9474-1A3956D46DE8}") = "Task4", "Task4", "{F1992020-46A9-4F20-80CF-2BBF5DAB7EF2}"
EndProject
Project("{FAE04EC0-301F-11D3-BF4B-00C04F79EFBC}") = "Tyuiu.PetrovNE.Sprint1.Task4.V17", "Tyuiu.PetrovNE.Sprint1.Task4.V17\Tyuiu.PetrovNE.Sprint1.Task4.V17.csproj", "{A183CA05-BE92-43D2-9F28-509624798D92}"
EndProject
Project("{FAE04EC0-301F-11D3-BF4B-00C04F79EFBC}") = "Tyuiu.PetrovNE.Sprint1.Task4.V17.Lib", "Tyuiu.PetrovNE.Sprint1.Task4.V17.Lib\Tyuiu.PetrovNE.Sprint1.Task4.V17.Lib.csproj", "{DDEBF00F-8E50-41BB-A8AC-302894BBA8FE}"
EndProject
Project("{FAE04EC0-301F-11D3-BF4B-00C04F79EFBC}") = "Tyuiu.PetrovNE.Sprint1.Task4.V17.Test", "Tyuiu.PetrovNE.Sprint1.Task4.V17.Test\Tyuiu.PetrovNE.Sprint1.Task4.V17.Test.csproj", "{718A1982-0414-43D3-A128-60CC74F40FA2}"
EndProject
Project("{2150E333-8FDC-42A3-9474-1A3956D46DE8}") = "Task5", "Task5", "{3B8383AD-BDFC-4A2A-8E5C-215C16B1AB48}"
EndProject
Project("{FAE04EC0-301F-11D3-BF4B-00C04F79EFBC}") = "Tyuiu.PetrovNE.Sprint1.Task5.V7", "Tyuiu.PetrovNE.Sprint1.Task5.V7\Tyuiu.PetrovNE.Sprint1.Task5.V7.csproj", "{95D6219A-2327-4A85-94CC-4CD06284DDC4}"
EndProject
Project("{FAE04EC0-301F-11D3-BF4B-00C04F79EFBC}") = "Tyuiu.PetrovNE.Sprint1.Task5.V7.Lib", "Tyuiu.PetrovNE.Sprint1.Task5.V7.Lib\Tyuiu.PetrovNE.Sprint1.Task5.V7.Lib.csproj", "{F80C7D44-EBDE-46D9-AF70-683B143F4928}"
EndProject
Project("{FAE04EC0-301F-11D3-BF4B-00C04F79EFBC}") = "Tyuiu.PetrovNE.Sprint1.Task5.V7.Test", "Tyuiu.PetrovNE.Sprint1.Task5.V7.Test\Tyuiu.PetrovNE.Sprint1.Task5.V7.Test.csproj", "{16F2648F-06C9-4844-8BA5-2AB28AF0BF7E}"
EndProject
Project("{2150E333-8FDC-42A3-9474-1A3956D46DE8}") = "Task6", "Task6", "{F8DA142F-FD0D-4038-A0C9-A8D777BE78BC}"
EndProject
Project("{FAE04EC0-301F-11D3-BF4B-00C04F79EFBC}") = "Tyuiu.PetrovNE.Sprint1.Task6.V2", "Tyuiu.PetrovNE.Sprint1.Task6.V2\Tyuiu.PetrovNE.Sprint1.Task6.V2.csproj", "{F20B3A82-3C83-4009-B3F7-0C9A22EDF539}"
EndProject
Project("{FAE04EC0-301F-11D3-BF4B-00C04F79EFBC}") = "Tyuiu.PetrovNE.Sprint1.Task6.V2.Lib", "Tyuiu.PetrovNE.Sprint1.Task6.V2.Lib\Tyuiu.PetrovNE.Sprint1.Task6.V2.Lib.csproj", "{65C60D3E-4475-4FA7-90AD-02F9FF462A88}"
EndProject
Project("{FAE04EC0-301F-11D3-BF4B-00C04F79EFBC}") = "Tyuiu.PetrovNE.Sprint1.Task6.V2.Test", "Tyuiu.PetrovNE.Sprint1.Task6.V2.Test\Tyuiu.PetrovNE.Sprint1.Task6.V2.Test.csproj", "{71B35B0F-E08F-4D5E-9F01-DF498668C53E}"
EndProject
Project("{2150E333-8FDC-42A3-9474-1A3956D46DE8}") = "Task7", "Task7", "{FEB3339C-46D6-4EFC-BCFC-9098C12F78BD}"
EndProject
Project("{FAE04EC0-301F-11D3-BF4B-00C04F79EFBC}") = "Tyuiu.PetrovNE.Sprint1.Task7.V9", "Tyuiu.PetrovNE.Sprint1.Task7.V9\Tyuiu.PetrovNE.Sprint1.Task7.V9.csproj", "{9067589F-2AE7-4D09-9D75-1B096CDAC4D3}"
EndProject
Project("{FAE04EC0-301F-11D3-BF4B-00C04F79EFBC}") = "Tyuiu.PetrovNE.Sprint1.Task7.V9.Lib", "Tyuiu.PetrovNE.Sprint1.Task7.V9.Lib\Tyuiu.PetrovNE.Sprint1.Task7.V9.Lib.csproj", "{8F3AEADD-C92C-4324-B46B-6E0B99731716}"
EndProject
Project("{FAE04EC0-301F-11D3-BF4B-00C04F79EFBC}") = "Tyuiu.PetrovNE.Sprint1.Task7.V9.Test", "Tyuiu.PetrovNE.Sprint1.Task7.V9.Test\Tyuiu.PetrovNE.Sprint1.Task7.V9.Test.csproj", "{67AC3EEF-3AE6-475C-A753-E9165E8AB7E0}"
EndProject
Global
	GlobalSection(SolutionConfigurationPlatforms) = preSolution
		Debug|Any CPU = Debug|Any CPU
		Release|Any CPU = Release|Any CPU
	EndGlobalSection
	GlobalSection(ProjectConfigurationPlatforms) = postSolution
		{2E9452D0-4548-4B90-8B91-127E8606347D}.Debug|Any CPU.ActiveCfg = Debug|Any CPU
		{2E9452D0-4548-4B90-8B91-127E8606347D}.Debug|Any CPU.Build.0 = Debug|Any CPU
		{2E9452D0-4548-4B90-8B91-127E8606347D}.Release|Any CPU.ActiveCfg = Release|Any CPU
		{2E9452D0-4548-4B90-8B91-127E8606347D}.Release|Any CPU.Build.0 = Release|Any CPU
		{3FF72C48-1B1A-4051-B127-330C0B047F1D}.Debug|Any CPU.ActiveCfg = Debug|Any CPU
		{3FF72C48-1B1A-4051-B127-330C0B047F1D}.Debug|Any CPU.Build.0 = Debug|Any CPU
		{3FF72C48-1B1A-4051-B127-330C0B047F1D}.Release|Any CPU.ActiveCfg = Release|Any CPU
		{3FF72C48-1B1A-4051-B127-330C0B047F1D}.Release|Any CPU.Build.0 = Release|Any CPU
		{9BA3289A-994E-469E-9E87-93F20271F96A}.Debug|Any CPU.ActiveCfg = Debug|Any CPU
		{9BA3289A-994E-469E-9E87-93F20271F96A}.Debug|Any CPU.Build.0 = Debug|Any CPU
		{9BA3289A-994E-469E-9E87-93F20271F96A}.Release|Any CPU.ActiveCfg = Release|Any CPU
		{9BA3289A-994E-469E-9E87-93F20271F96A}.Release|Any CPU.Build.0 = Release|Any CPU
		{8D39E9A9-9141-49BF-AC76-C3026BD22A46}.Debug|Any CPU.ActiveCfg = Debug|Any CPU
		{8D39E9A9-9141-49BF-AC76-C3026BD22A46}.Debug|Any CPU.Build.0 = Debug|Any CPU
		{8D39E9A9-9141-49BF-AC76-C3026BD22A46}.Release|Any CPU.ActiveCfg = Release|Any CPU
		{8D39E9A9-9141-49BF-AC76-C3026BD22A46}.Release|Any CPU.Build.0 = Release|Any CPU
		{29DE242B-3D9D-447F-8EC7-15CF2DEEF24D}.Debug|Any CPU.ActiveCfg = Debug|Any CPU
		{29DE242B-3D9D-447F-8EC7-15CF2DEEF24D}.Debug|Any CPU.Build.0 = Debug|Any CPU
		{29DE242B-3D9D-447F-8EC7-15CF2DEEF24D}.Release|Any CPU.ActiveCfg = Release|Any CPU
		{29DE242B-3D9D-447F-8EC7-15CF2DEEF24D}.Release|Any CPU.Build.0 = Release|Any CPU
		{2E1B2ED5-8D11-4202-BF67-6566D17AB066}.Debug|Any CPU.ActiveCfg = Debug|Any CPU
		{2E1B2ED5-8D11-4202-BF67-6566D17AB066}.Debug|Any CPU.Build.0 = Debug|Any CPU
		{2E1B2ED5-8D11-4202-BF67-6566D17AB066}.Release|Any CPU.ActiveCfg = Release|Any CPU
		{2E1B2ED5-8D11-4202-BF67-6566D17AB066}.Release|Any CPU.Build.0 = Release|Any CPU
		{060A7F12-0C3E-4EB1-A953-082CCF228B7C}.Debug|Any CPU.ActiveCfg = Debug|Any CPU
		{060A7F12-0C3E-4EB1-A953-082CCF228B7C}.Debug|Any CPU.Build.0 = Debug|Any CPU
		{060A7F12-0C3E-4EB1-A953-082CCF228B7C}.Release|Any CPU.ActiveCfg = Release|Any CPU
		{060A7F12-0C3E-4EB1-A953-082CCF228B7C}.Release|Any CPU.Build.0 = Release|Any CPU
		{7AA685F6-BCDF-4485-B706-6C6F90A22E54}.Debug|Any CPU.ActiveCfg = Debug|Any CPU
		{7AA685F6-BCDF-4485-B706-6C6F90A22E54}.Debug|Any CPU.Build.0 = Debug|Any CPU
		{7AA685F6-BCDF-4485-B706-6C6F90A22E54}.Release|Any CPU.ActiveCfg = Release|Any CPU
		{7AA685F6-BCDF-4485-B706-6C6F90A22E54}.Release|Any CPU.Build.0 = Release|Any CPU
		{DFBF4397-FBDF-4DD7-8F9C-8323C56F8866}.Debug|Any CPU.ActiveCfg = Debug|Any CPU
		{DFBF4397-FBDF-4DD7-8F9C-8323C56F8866}.Debug|Any CPU.Build.0 = Debug|Any CPU
		{DFBF4397-FBDF-4DD7-8F9C-8323C56F8866}.Release|Any CPU.ActiveCfg = Release|Any CPU
		{DFBF4397-FBDF-4DD7-8F9C-8323C56F8866}.Release|Any CPU.Build.0 = Release|Any CPU
		{30969282-AB26-4740-BF21-0ABA61F8034D}.Debug|Any CPU.ActiveCfg = Debug|Any CPU
		{30969282-AB26-4740-BF21-0ABA61F8034D}.Debug|Any CPU.Build.0 = Debug|Any CPU
		{30969282-AB26-4740-BF21-0ABA61F8034D}.Release|Any CPU.ActiveCfg = Release|Any CPU
		{30969282-AB26-4740-BF21-0ABA61F8034D}.Release|Any CPU.Build.0 = Release|Any CPU
		{18BF2F98-484C-4A3B-92D5-B429FA60BBDB}.Debug|Any CPU.ActiveCfg = Debug|Any CPU
		{18BF2F98-484C-4A3B-92D5-B429FA60BBDB}.Debug|Any CPU.Build.0 = Debug|Any CPU
		{18BF2F98-484C-4A3B-92D5-B429FA60BBDB}.Release|Any CPU.ActiveCfg = Release|Any CPU
		{18BF2F98-484C-4A3B-92D5-B429FA60BBDB}.Release|Any CPU.Build.0 = Release|Any CPU
		{74A992F2-6A0F-42E6-8F6B-DC9683C57790}.Debug|Any CPU.ActiveCfg = Debug|Any CPU
		{74A992F2-6A0F-42E6-8F6B-DC9683C57790}.Debug|Any CPU.Build.0 = Debug|Any CPU
		{74A992F2-6A0F-42E6-8F6B-DC9683C57790}.Release|Any CPU.ActiveCfg = Release|Any CPU
		{74A992F2-6A0F-42E6-8F6B-DC9683C57790}.Release|Any CPU.Build.0 = Release|Any CPU
		{A183CA05-BE92-43D2-9F28-509624798D92}.Debug|Any CPU.ActiveCfg = Debug|Any CPU
		{A183CA05-BE92-43D2-9F28-509624798D92}.Debug|Any CPU.Build.0 = Debug|Any CPU
		{A183CA05-BE92-43D2-9F28-509624798D92}.Release|Any CPU.ActiveCfg = Release|Any CPU
		{A183CA05-BE92-43D2-9F28-509624798D92}.Release|Any CPU.Build.0 = Release|Any CPU
		{DDEBF00F-8E50-41BB-A8AC-302894BBA8FE}.Debug|Any CPU.ActiveCfg = Debug|Any CPU
		{DDEBF00F-8E50-41BB-A8AC-302894BBA8FE}.Debug|Any CPU.Build.0 = Debug|Any CPU
		{DDEBF00F-8E50-41BB-A8AC-302894BBA8FE}.Release|Any CPU.ActiveCfg = Release|Any CPU
		{DDEBF00F-8E50-41BB-A8AC-302894BBA8FE}.Release|Any CPU.Build.0 = Release|Any CPU
		{718A1982-0414-43D3-A128-60CC74F40FA2}.Debug|Any CPU.ActiveCfg = Debug|Any CPU
		{718A1982-0414-43D3-A128-60CC74F40FA2}.Debug|Any CPU.Build.0 = Debug|Any CPU
		{718A1982-0414-43D3-A128-60CC74F40FA2}.Release|Any CPU.ActiveCfg = Release|Any CPU
		{718A1982-0414-43D3-A128-60CC74F40FA2}.Release|Any CPU.Build.0 = Release|Any CPU
		{95D6219A-2327-4A85-94CC-4CD06284DDC4}.Debug|Any CPU.ActiveCfg = Debug|Any CPU
		{95D6219A-2327-4A85-94CC-4CD06284DDC4}.Debug|Any CPU.Build.0 = Debug|Any CPU
		{95D6219A-2327-4A85-94CC-4CD06284DDC4}.Release|Any CPU.ActiveCfg = Release|Any CPU
		{95D6219A-2327-4A85-94CC-4CD06284DDC4}.Release|Any CPU.Build.0 = Release|Any CPU
		{F80C7D44-EBDE-46D9-AF70-683B143F4928}.Debug|Any CPU.ActiveCfg = Debug|Any CPU
		{F80C7D44-EBDE-46D9-AF70-683B143F4928}.Debug|Any CPU.Build.0 = Debug|Any CPU
		{F80C7D44-EBDE-46D9-AF70-683B143F4928}.Release|Any CPU.ActiveCfg = Release|Any CPU
		{F80C7D44-EBDE-46D9-AF70-683B143F4928}.Release|Any CPU.Build.0 = Release|Any CPU
		{16F2648F-06C9-4844-8BA5-2AB28AF0BF7E}.Debug|Any CPU.ActiveCfg = Debug|Any CPU
		{16F2648F-06C9-4844-8BA5-2AB28AF0BF7E}.Debug|Any CPU.Build.0 = Debug|Any CPU
		{16F2648F-06C9-4844-8BA5-2AB28AF0BF7E}.Release|Any CPU.ActiveCfg = Release|Any CPU
		{16F2648F-06C9-4844-8BA5-2AB28AF0BF7E}.Release|Any CPU.Build.0 = Release|Any CPU
		{F20B3A82-3C83-4009-B3F7-0C9A22EDF539}.Debug|Any CPU.ActiveCfg = Debug|Any CPU
		{F20B3A82-3C83-4009-B3F7-0C9A22EDF539}.Debug|Any CPU.Build.0 = Debug|Any CPU
		{F20B3A82-3C83-4009-B3F7-0C9A22EDF539}.Release|Any CPU.ActiveCfg = Release|Any CPU
		{F20B3A82-3C83-4009-B3F7-0C9A22EDF539}.Release|Any CPU.Build.0 = Release|Any CPU
		{65C60D3E-4475-4FA7-90AD-02F9FF462A88}.Debug|Any CPU.ActiveCfg = Debug|Any CPU
		{65C60D3E-4475-4FA7-90AD-02F9FF462A88}.Debug|Any CPU.Build.0 = Debug|Any CPU
		{65C60D3E-4475-4FA7-90AD-02F9FF462A88}.Release|Any CPU.ActiveCfg = Release|Any CPU
		{65C60D3E-4475-4FA7-90AD-02F9FF462A88}.Release|Any CPU.Build.0 = Release|Any CPU
		{71B35B0F-E08F-4D5E-9F01-DF498668C53E}.Debug|Any CPU.ActiveCfg = Debug|Any CPU
		{71B35B0F-E08F-4D5E-9F01-DF498668C53E}.Debug|Any CPU.Build.0 = Debug|Any CPU
		{71B35B0F-E08F-4D5E-9F01-DF498668C53E}.Release|Any CPU.ActiveCfg = Release|Any CPU
		{71B35B0F-E08F-4D5E-9F01-DF498668C53E}.Release|Any CPU.Build.0 = Release|Any CPU
		{9067589F-2AE7-4D09-9D75-1B096CDAC4D3}.Debug|Any CPU.ActiveCfg = Debug|Any CPU
		{9067589F-2AE7-4D09-9D75-1B096CDAC4D3}.Debug|Any CPU.Build.0 = Debug|Any CPU
		{9067589F-2AE7-4D09-9D75-1B096CDAC4D3}.Release|Any CPU.ActiveCfg = Release|Any CPU
		{9067589F-2AE7-4D09-9D75-1B096CDAC4D3}.Release|Any CPU.Build.0 = Release|Any CPU
		{8F3AEADD-C92C-4324-B46B-6E0B99731716}.Debug|Any CPU.ActiveCfg = Debug|Any CPU
		{8F3AEADD-C92C-4324-B46B-6E0B99731716}.Debug|Any CPU.Build.0 = Debug|Any CPU
		{8F3AEADD-C92C-4324-B46B-6E0B99731716}.Release|Any CPU.ActiveCfg = Release|Any CPU
		{8F3AEADD-C92C-4324-B46B-6E0B99731716}.Release|Any CPU.Build.0 = Release|Any CPU
		{67AC3EEF-3AE6-475C-A753-E9165E8AB7E0}.Debug|Any CPU.ActiveCfg = Debug|Any CPU
		{67AC3EEF-3AE6-475C-A753-E9165E8AB7E0}.Debug|Any CPU.Build.0 = Debug|Any CPU
		{67AC3EEF-3AE6-475C-A753-E9165E8AB7E0}.Release|Any CPU.ActiveCfg = Release|Any CPU
		{67AC3EEF-3AE6-475C-A753-E9165E8AB7E0}.Release|Any CPU.Build.0 = Release|Any CPU
	EndGlobalSection
	GlobalSection(SolutionProperties) = preSolution
		HideSolutionNode = FALSE
	EndGlobalSection
	GlobalSection(NestedProjects) = preSolution
		{2E9452D0-4548-4B90-8B91-127E8606347D} = {D48A0B49-8D6C-485E-BA6F-288DC0C4D4BD}
		{3FF72C48-1B1A-4051-B127-330C0B047F1D} = {D48A0B49-8D6C-485E-BA6F-288DC0C4D4BD}
		{9BA3289A-994E-469E-9E87-93F20271F96A} = {D48A0B49-8D6C-485E-BA6F-288DC0C4D4BD}
		{8D39E9A9-9141-49BF-AC76-C3026BD22A46} = {9F76D8F9-4456-4EFD-9C68-636075C9E230}
		{29DE242B-3D9D-447F-8EC7-15CF2DEEF24D} = {9F76D8F9-4456-4EFD-9C68-636075C9E230}
		{2E1B2ED5-8D11-4202-BF67-6566D17AB066} = {9F76D8F9-4456-4EFD-9C68-636075C9E230}
		{060A7F12-0C3E-4EB1-A953-082CCF228B7C} = {AD6223D6-0368-4AB0-8A61-D36CF8E2686F}
		{7AA685F6-BCDF-4485-B706-6C6F90A22E54} = {AD6223D6-0368-4AB0-8A61-D36CF8E2686F}
		{DFBF4397-FBDF-4DD7-8F9C-8323C56F8866} = {AD6223D6-0368-4AB0-8A61-D36CF8E2686F}
		{30969282-AB26-4740-BF21-0ABA61F8034D} = {451B47B5-DE2A-41F5-9541-405C5D4558CA}
		{18BF2F98-484C-4A3B-92D5-B429FA60BBDB} = {451B47B5-DE2A-41F5-9541-405C5D4558CA}
		{74A992F2-6A0F-42E6-8F6B-DC9683C57790} = {451B47B5-DE2A-41F5-9541-405C5D4558CA}
		{A183CA05-BE92-43D2-9F28-509624798D92} = {F1992020-46A9-4F20-80CF-2BBF5DAB7EF2}
		{DDEBF00F-8E50-41BB-A8AC-302894BBA8FE} = {F1992020-46A9-4F20-80CF-2BBF5DAB7EF2}
		{718A1982-0414-43D3-A128-60CC74F40FA2} = {F1992020-46A9-4F20-80CF-2BBF5DAB7EF2}
		{95D6219A-2327-4A85-94CC-4CD06284DDC4} = {3B8383AD-BDFC-4A2A-8E5C-215C16B1AB48}
		{F80C7D44-EBDE-46D9-AF70-683B143F4928} = {3B8383AD-BDFC-4A2A-8E5C-215C16B1AB48}
		{16F2648F-06C9-4844-8BA5-2AB28AF0BF7E} = {3B8383AD-BDFC-4A2A-8E5C-215C16B1AB48}
		{F20B3A82-3C83-4009-B3F7-0C9A22EDF539} = {F8DA142F-FD0D-4038-A0C9-A8D777BE78BC}
		{65C60D3E-4475-4FA7-90AD-02F9FF462A88} = {F8DA142F-FD0D-4038-A0C9-A8D777BE78BC}
		{71B35B0F-E08F-4D5E-9F01-DF498668C53E} = {F8DA142F-FD0D-4038-A0C9-A8D777BE78BC}
		{9067589F-2AE7-4D09-9D75-1B096CDAC4D3} = {FEB3339C-46D6-4EFC-BCFC-9098C12F78BD}
		{8F3AEADD-C92C-4324-B46B-6E0B99731716} = {FEB3339C-46D6-4EFC-BCFC-9098C12F78BD}
		{67AC3EEF-3AE6-475C-A753-E9165E8AB7E0} = {FEB3339C-46D6-4EFC-BCFC-9098C12F78BD}
	EndGlobalSection
	GlobalSection(ExtensibilityGlobals) = postSolution
		SolutionGuid = {BF8F8CD0-1B4E-4517-930D-BD7EA17E9E16}
	EndGlobalSection
EndGlobal
