
Microsoft Visual Studio Solution File, Format Version 12.00
# Visual Studio Version 17
VisualStudioVersion = 17.7.34024.191
MinimumVisualStudioVersion = 10.0.40219.1
Project("{2150E333-8FDC-42A3-9474-1A3956D46DE8}") = "Task0", "Task0", "{D48A0B49-8D6C-485E-BA6F-288DC0C4D4BD}"
EndProject
Project("{FAE04EC0-301F-11D3-BF4B-00C04F79EFBC}") = "Tyuiu.PetrovNE.Sprint1.Task0.V11", "Tyuiu.PetrovNE.Sprint1.Task0.V11\Tyuiu.PetrovNE.Sprint1.Task0.V11.csproj", "{2E9452D0-4548-4B90-8B91-127E8606347D}"
EndProject
Project("{FAE04EC0-301F-11D3-BF4B-00C04F79EFBC}") = "Tyuiu.PetrovNE.Sprint1.Task0.V11.Lib", "Tyuiu.PetrovNE.Sprint1.Task0.V11.Lib\Tyuiu.PetrovNE.Sprint1.Task0.V11.Lib.csproj", "{3FF72C48-1B1A-4051-B127-330C0B047F1D}"
EndProject
Project("{FAE04EC0-301F-11D3-BF4B-00C04F79EFBC}") = "Tyuiu.PetrovNE.Sprint1.Task0.V11.Test", "Tyuiu.PetrovNE.Sprint1.Task0.V11.Test\Tyuiu.PetrovNE.Sprint1.Task0.V11.Test.csproj", "{9BA3289A-994E-469E-9E87-93F20271F96A}"
EndProject
Project("{2150E333-8FDC-42A3-9474-1A3956D46DE8}") = "Task1", "Task1", "{9F76D8F9-4456-4EFD-9C68-636075C9E230}"
EndProject
Project("{FAE04EC0-301F-11D3-BF4B-00C04F79EFBC}") = "Tyuiu.PetrovNE.Sprint1.Task1.V7", "Tyuiu.PetrovNE.Sprint1.Task1.V7\Tyuiu.PetrovNE.Sprint1.Task1.V7.csproj", "{8D39E9A9-9141-49BF-AC76-C3026BD22A46}"
EndProject
Project("{FAE04EC0-301F-11D3-BF4B-00C04F79EFBC}") = "Tyuiu.PetrovNE.Sprint1.Task1.V7.Lib", "Tyuiu.PetrovNE.Sprint1.Task1.V7.Lib\Tyuiu.PetrovNE.Sprint1.Task1.V7.Lib.csproj", "{29DE242B-3D9D-447F-8EC7-15CF2DEEF24D}"
EndProject
Project("{FAE04EC0-301F-11D3-BF4B-00C04F79EFBC}") = "Tyuiu.PetrovNE.Sprint1.Task1.V7.Test", "Tyuiu.PetrovNE.Sprint1.Task1.V7.Test\Tyuiu.PetrovNE.Sprint1.Task1.V7.Test.csproj", "{2E1B2ED5-8D11-4202-BF67-6566D17AB066}"
EndProject
Global
	GlobalSection(SolutionConfigurationPlatforms) = preSolution
		Debug|Any CPU = Debug|Any CPU
		Release|Any CPU = Release|Any CPU
	EndGlobalSection
	GlobalSection(ProjectConfigurationPlatforms) = postSolution
		{2E9452D0-4548-4B90-8B91-127E8606347D}.Debug|Any CPU.ActiveCfg = Debug|Any CPU
		{2E9452D0-4548-4B90-8B91-127E8606347D}.Debug|Any CPU.Build.0 = Debug|Any CPU
		{2E9452D0-4548-4B90-8B91-127E8606347D}.Release|Any CPU.ActiveCfg = Release|Any CPU
		{2E9452D0-4548-4B90-8B91-127E8606347D}.Release|Any CPU.Build.0 = Release|Any CPU
		{3FF72C48-1B1A-4051-B127-330C0B047F1D}.Debug|Any CPU.ActiveCfg = Debug|Any CPU
		{3FF72C48-1B1A-4051-B127-330C0B047F1D}.Debug|Any CPU.Build.0 = Debug|Any CPU
		{3FF72C48-1B1A-4051-B127-330C0B047F1D}.Release|Any CPU.ActiveCfg = Release|Any CPU
		{3FF72C48-1B1A-4051-B127-330C0B047F1D}.Release|Any CPU.Build.0 = Release|Any CPU
		{9BA3289A-994E-469E-9E87-93F20271F96A}.Debug|Any CPU.ActiveCfg = Debug|Any CPU
		{9BA3289A-994E-469E-9E87-93F20271F96A}.Debug|Any CPU.Build.0 = Debug|Any CPU
		{9BA3289A-994E-469E-9E87-93F20271F96A}.Release|Any CPU.ActiveCfg = Release|Any CPU
		{9BA3289A-994E-469E-9E87-93F20271F96A}.Release|Any CPU.Build.0 = Release|Any CPU
		{8D39E9A9-9141-49BF-AC76-C3026BD22A46}.Debug|Any CPU.ActiveCfg = Debug|Any CPU
		{8D39E9A9-9141-49BF-AC76-C3026BD22A46}.Debug|Any CPU.Build.0 = Debug|Any CPU
		{8D39E9A9-9141-49BF-AC76-C3026BD22A46}.Release|Any CPU.ActiveCfg = Release|Any CPU
		{8D39E9A9-9141-49BF-AC76-C3026BD22A46}.Release|Any CPU.Build.0 = Release|Any CPU
		{29DE242B-3D9D-447F-8EC7-15CF2DEEF24D}.Debug|Any CPU.ActiveCfg = Debug|Any CPU
		{29DE242B-3D9D-447F-8EC7-15CF2DEEF24D}.Debug|Any CPU.Build.0 = Debug|Any CPU
		{29DE242B-3D9D-447F-8EC7-15CF2DEEF24D}.Release|Any CPU.ActiveCfg = Release|Any CPU
		{29DE242B-3D9D-447F-8EC7-15CF2DEEF24D}.Release|Any CPU.Build.0 = Release|Any CPU
		{2E1B2ED5-8D11-4202-BF67-6566D17AB066}.Debug|Any CPU.ActiveCfg = Debug|Any CPU
		{2E1B2ED5-8D11-4202-BF67-6566D17AB066}.Debug|Any CPU.Build.0 = Debug|Any CPU
		{2E1B2ED5-8D11-4202-BF67-6566D17AB066}.Release|Any CPU.ActiveCfg = Release|Any CPU
		{2E1B2ED5-8D11-4202-BF67-6566D17AB066}.Release|Any CPU.Build.0 = Release|Any CPU
	EndGlobalSection
	GlobalSection(SolutionProperties) = preSolution
		HideSolutionNode = FALSE
	EndGlobalSection
	GlobalSection(NestedProjects) = preSolution
		{2E9452D0-4548-4B90-8B91-127E8606347D} = {D48A0B49-8D6C-485E-BA6F-288DC0C4D4BD}
		{3FF72C48-1B1A-4051-B127-330C0B047F1D} = {D48A0B49-8D6C-485E-BA6F-288DC0C4D4BD}
		{9BA3289A-994E-469E-9E87-93F20271F96A} = {D48A0B49-8D6C-485E-BA6F-288DC0C4D4BD}
		{8D39E9A9-9141-49BF-AC76-C3026BD22A46} = {9F76D8F9-4456-4EFD-9C68-636075C9E230}
		{29DE242B-3D9D-447F-8EC7-15CF2DEEF24D} = {9F76D8F9-4456-4EFD-9C68-636075C9E230}
		{2E1B2ED5-8D11-4202-BF67-6566D17AB066} = {9F76D8F9-4456-4EFD-9C68-636075C9E230}
	EndGlobalSection
	GlobalSection(ExtensibilityGlobals) = postSolution
		SolutionGuid = {BF8F8CD0-1B4E-4517-930D-BD7EA17E9E16}
	EndGlobalSection
EndGlobal
